
Microsoft Visual Studio Solution File, Format Version 12.00
# Visual Studio Version 16
VisualStudioVersion = 16.0.31515.178
MinimumVisualStudioVersion = 10.0.40219.1
Project("{FAE04EC0-301F-11D3-BF4B-00C04F79EFBC}") = "Leap_Year", "Leap_Year\Leap_Year.csproj", "{7262523E-2D0F-4349-A4B3-8497DD08D06D}"
EndProject
Global
	GlobalSection(SolutionConfigurationPlatforms) = preSolution
		Debug|Any CPU = Debug|Any CPU
		Release|Any CPU = Release|Any CPU
	EndGlobalSection
	GlobalSection(ProjectConfigurationPlatforms) = postSolution
		{7262523E-2D0F-4349-A4B3-8497DD08D06D}.Debug|Any CPU.ActiveCfg = Debug|Any CPU
		{7262523E-2D0F-4349-A4B3-8497DD08D06D}.Debug|Any CPU.Build.0 = Debug|Any CPU
		{7262523E-2D0F-4349-A4B3-8497DD08D06D}.Release|Any CPU.ActiveCfg = Release|Any CPU
		{7262523E-2D0F-4349-A4B3-8497DD08D06D}.Release|Any CPU.Build.0 = Release|Any CPU
	EndGlobalSection
	GlobalSection(SolutionProperties) = preSolution
		HideSolutionNode = FALSE
	EndGlobalSection
	GlobalSection(ExtensibilityGlobals) = postSolution
		SolutionGuid = {F194FE21-9C02-4818-8F93-3297B48352CB}
	EndGlobalSection
EndGlobal
