
Microsoft Visual Studio Solution File, Format Version 12.00
# Visual Studio Version 16
VisualStudioVersion = 16.0.31515.178
MinimumVisualStudioVersion = 10.0.40219.1
Project("{FAE04EC0-301F-11D3-BF4B-00C04F79EFBC}") = "To_check_Letter_Is_Vowel_Or_Consonant", "To_check_Letter_Is_Vowel_Or_Consonant\To_check_Letter_Is_Vowel_Or_Consonant.csproj", "{1F65F04D-DBFC-418E-BCA1-D01CD259F9FA}"
EndProject
Global
	GlobalSection(SolutionConfigurationPlatforms) = preSolution
		Debug|Any CPU = Debug|Any CPU
		Release|Any CPU = Release|Any CPU
	EndGlobalSection
	GlobalSection(ProjectConfigurationPlatforms) = postSolution
		{1F65F04D-DBFC-418E-BCA1-D01CD259F9FA}.Debug|Any CPU.ActiveCfg = Debug|Any CPU
		{1F65F04D-DBFC-418E-BCA1-D01CD259F9FA}.Debug|Any CPU.Build.0 = Debug|Any CPU
		{1F65F04D-DBFC-418E-BCA1-D01CD259F9FA}.Release|Any CPU.ActiveCfg = Release|Any CPU
		{1F65F04D-DBFC-418E-BCA1-D01CD259F9FA}.Release|Any CPU.Build.0 = Release|Any CPU
	EndGlobalSection
	GlobalSection(SolutionProperties) = preSolution
		HideSolutionNode = FALSE
	EndGlobalSection
	GlobalSection(ExtensibilityGlobals) = postSolution
		SolutionGuid = {8C54B31C-258C-4060-BDFF-631FC34CD6CF}
	EndGlobalSection
EndGlobal
