
Microsoft Visual Studio Solution File, Format Version 12.00
# Visual Studio Version 16
VisualStudioVersion = 16.0.31515.178
MinimumVisualStudioVersion = 10.0.40219.1
Project("{FAE04EC0-301F-11D3-BF4B-00C04F79EFBC}") = "Check_Whether_Number_Is_Odd", "Check_Whether_Number_Is_Odd\Check_Whether_Number_Is_Odd.csproj", "{3759C55E-7706-42DC-A201-F77AD1C6B514}"
EndProject
Global
	GlobalSection(SolutionConfigurationPlatforms) = preSolution
		Debug|Any CPU = Debug|Any CPU
		Release|Any CPU = Release|Any CPU
	EndGlobalSection
	GlobalSection(ProjectConfigurationPlatforms) = postSolution
		{3759C55E-7706-42DC-A201-F77AD1C6B514}.Debug|Any CPU.ActiveCfg = Debug|Any CPU
		{3759C55E-7706-42DC-A201-F77AD1C6B514}.Debug|Any CPU.Build.0 = Debug|Any CPU
		{3759C55E-7706-42DC-A201-F77AD1C6B514}.Release|Any CPU.ActiveCfg = Release|Any CPU
		{3759C55E-7706-42DC-A201-F77AD1C6B514}.Release|Any CPU.Build.0 = Release|Any CPU
	EndGlobalSection
	GlobalSection(SolutionProperties) = preSolution
		HideSolutionNode = FALSE
	EndGlobalSection
	GlobalSection(ExtensibilityGlobals) = postSolution
		SolutionGuid = {149D9761-3AE0-4FE0-8A97-5D8FC3A3FF5C}
	EndGlobalSection
EndGlobal
